// !$*UTF8*$!
{
	archiveVersion = 1;
	classes = {
	};
	objectVersion = 46;
	objects = {

/* Begin PBXBuildFile section */
		97287CA91F5FE141004FA23F /* AppDelegate.swift in Sources */ = {isa = PBXBuildFile; fileRef = 97287CA81F5FE141004FA23F /* AppDelegate.swift */; };
		97287CAB1F5FE141004FA23F /* FaceViewController.swift in Sources */ = {isa = PBXBuildFile; fileRef = 97287CAA1F5FE141004FA23F /* FaceViewController.swift */; };
		97287CAE1F5FE141004FA23F /* Main.storyboard in Resources */ = {isa = PBXBuildFile; fileRef = 97287CAC1F5FE141004FA23F /* Main.storyboard */; };
		97287CB01F5FE141004FA23F /* Assets.xcassets in Resources */ = {isa = PBXBuildFile; fileRef = 97287CAF1F5FE141004FA23F /* Assets.xcassets */; };
		97287CB31F5FE141004FA23F /* LaunchScreen.storyboard in Resources */ = {isa = PBXBuildFile; fileRef = 97287CB11F5FE141004FA23F /* LaunchScreen.storyboard */; };
		97287CBC1F5FE827004FA23F /* FaceFeatures.swift in Sources */ = {isa = PBXBuildFile; fileRef = 97287CBB1F5FE827004FA23F /* FaceFeatures.swift */; };
		97287CBE1F5FE8E4004FA23F /* PersonFaceView.swift in Sources */ = {isa = PBXBuildFile; fileRef = 97287CBD1F5FE8E4004FA23F /* PersonFaceView.swift */; };
		97287CC41F62A66C004FA23F /* FaceEmotionsViewController.swift in Sources */ = {isa = PBXBuildFile; fileRef = 97287CC31F62A66C004FA23F /* FaceEmotionsViewController.swift */; };
/* End PBXBuildFile section */

/* Begin PBXFileReference section */
		97287CA51F5FE141004FA23F /* PersonFace.app */ = {isa = PBXFileReference; explicitFileType = wrapper.application; includeInIndex = 0; path = PersonFace.app; sourceTree = BUILT_PRODUCTS_DIR; };
		97287CA81F5FE141004FA23F /* AppDelegate.swift */ = {isa = PBXFileReference; lastKnownFileType = sourcecode.swift; path = AppDelegate.swift; sourceTree = "<group>"; };
		97287CAA1F5FE141004FA23F /* FaceViewController.swift */ = {isa = PBXFileReference; lastKnownFileType = sourcecode.swift; path = FaceViewController.swift; sourceTree = "<group>"; };
		97287CAD1F5FE141004FA23F /* Base */ = {isa = PBXFileReference; lastKnownFileType = file.storyboard; name = Base; path = Base.lproj/Main.storyboard; sourceTree = "<group>"; };
		97287CAF1F5FE141004FA23F /* Assets.xcassets */ = {isa = PBXFileReference; lastKnownFileType = folder.assetcatalog; path = Assets.xcassets; sourceTree = "<group>"; };
		97287CB21F5FE141004FA23F /* Base */ = {isa = PBXFileReference; lastKnownFileType = file.storyboard; name = Base; path = Base.lproj/LaunchScreen.storyboard; sourceTree = "<group>"; };
		97287CB41F5FE141004FA23F /* Info.plist */ = {isa = PBXFileReference; lastKnownFileType = text.plist.xml; path = Info.plist; sourceTree = "<group>"; };
		97287CBB1F5FE827004FA23F /* FaceFeatures.swift */ = {isa = PBXFileReference; fileEncoding = 4; lastKnownFileType = sourcecode.swift; path = FaceFeatures.swift; sourceTree = "<group>"; };
		97287CBD1F5FE8E4004FA23F /* PersonFaceView.swift */ = {isa = PBXFileReference; fileEncoding = 4; lastKnownFileType = sourcecode.swift; path = PersonFaceView.swift; sourceTree = "<group>"; };
		97287CC31F62A66C004FA23F /* FaceEmotionsViewController.swift */ = {isa = PBXFileReference; fileEncoding = 4; lastKnownFileType = sourcecode.swift; path = FaceEmotionsViewController.swift; sourceTree = "<group>"; };
/* End PBXFileReference section */

/* Begin PBXFrameworksBuildPhase section */
		97287CA21F5FE141004FA23F /* Frameworks */ = {
			isa = PBXFrameworksBuildPhase;
			buildActionMask = 2147483647;
			files = (
			);
			runOnlyForDeploymentPostprocessing = 0;
		};
/* End PBXFrameworksBuildPhase section */

/* Begin PBXGroup section */
		97287C9C1F5FE141004FA23F = {
			isa = PBXGroup;
			children = (
				97287CA71F5FE141004FA23F /* PersonFace */,
				97287CA61F5FE141004FA23F /* Products */,
			);
			sourceTree = "<group>";
		};
		97287CA61F5FE141004FA23F /* Products */ = {
			isa = PBXGroup;
			children = (
				97287CA51F5FE141004FA23F /* PersonFace.app */,
			);
			name = Products;
			sourceTree = "<group>";
		};
		97287CA71F5FE141004FA23F /* PersonFace */ = {
			isa = PBXGroup;
			children = (
				97287CBA1F5FE79F004FA23F /* Other Files */,
				97287CAA1F5FE141004FA23F /* FaceViewController.swift */,
				97287CAC1F5FE141004FA23F /* Main.storyboard */,
				97287CC31F62A66C004FA23F /* FaceEmotionsViewController.swift */,
				97287CBB1F5FE827004FA23F /* FaceFeatures.swift */,
				97287CBD1F5FE8E4004FA23F /* PersonFaceView.swift */,
			);
			path = PersonFace;
			sourceTree = "<group>";
		};
		97287CBA1F5FE79F004FA23F /* Other Files */ = {
			isa = PBXGroup;
			children = (
				97287CA81F5FE141004FA23F /* AppDelegate.swift */,
				97287CAF1F5FE141004FA23F /* Assets.xcassets */,
				97287CB11F5FE141004FA23F /* LaunchScreen.storyboard */,
				97287CB41F5FE141004FA23F /* Info.plist */,
			);
			name = "Other Files";
			sourceTree = "<group>";
		};
/* End PBXGroup section */

/* Begin PBXNativeTarget section */
		97287CA41F5FE141004FA23F /* PersonFace */ = {
			isa = PBXNativeTarget;
			buildConfigurationList = 97287CB71F5FE141004FA23F /* Build configuration list for PBXNativeTarget "PersonFace" */;
			buildPhases = (
				97287CA11F5FE141004FA23F /* Sources */,
				97287CA21F5FE141004FA23F /* Frameworks */,
				97287CA31F5FE141004FA23F /* Resources */,
			);
			buildRules = (
			);
			dependencies = (
			);
			name = PersonFace;
			productName = PersonFace;
			productReference = 97287CA51F5FE141004FA23F /* PersonFace.app */;
			productType = "com.apple.product-type.application";
		};
/* End PBXNativeTarget section */

/* Begin PBXProject section */
		97287C9D1F5FE141004FA23F /* Project object */ = {
			isa = PBXProject;
			attributes = {
				LastSwiftUpdateCheck = 0830;
				LastUpgradeCheck = 0830;
				ORGANIZATIONNAME = "Sifiso Mazibuko";
				TargetAttributes = {
					97287CA41F5FE141004FA23F = {
						CreatedOnToolsVersion = 8.3.3;
						ProvisioningStyle = Automatic;
					};
				};
			};
			buildConfigurationList = 97287CA01F5FE141004FA23F /* Build configuration list for PBXProject "PersonFace" */;
			compatibilityVersion = "Xcode 3.2";
			developmentRegion = English;
			hasScannedForEncodings = 0;
			knownRegions = (
				en,
				Base,
			);
			mainGroup = 97287C9C1F5FE141004FA23F;
			productRefGroup = 97287CA61F5FE141004FA23F /* Products */;
			projectDirPath = "";
			projectRoot = "";
			targets = (
				97287CA41F5FE141004FA23F /* PersonFace */,
			);
		};
/* End PBXProject section */

/* Begin PBXResourcesBuildPhase section */
		97287CA31F5FE141004FA23F /* Resources */ = {
			isa = PBXResourcesBuildPhase;
			buildActionMask = 2147483647;
			files = (
				97287CB31F5FE141004FA23F /* LaunchScreen.storyboard in Resources */,
				97287CB01F5FE141004FA23F /* Assets.xcassets in Resources */,
				97287CAE1F5FE141004FA23F /* Main.storyboard in Resources */,
			);
			runOnlyForDeploymentPostprocessing = 0;
		};
/* End PBXResourcesBuildPhase section */

/* Begin PBXSourcesBuildPhase section */
		97287CA11F5FE141004FA23F /* Sources */ = {
			isa = PBXSourcesBuildPhase;
			buildActionMask = 2147483647;
			files = (
				97287CBE1F5FE8E4004FA23F /* PersonFaceView.swift in Sources */,
				97287CAB1F5FE141004FA23F /* FaceViewController.swift in Sources */,
				97287CA91F5FE141004FA23F /* AppDelegate.swift in Sources */,
				97287CBC1F5FE827004FA23F /* FaceFeatures.swift in Sources */,
				97287CC41F62A66C004FA23F /* FaceEmotionsViewController.swift in Sources */,
			);
			runOnlyForDeploymentPostprocessing = 0;
		};
/* End PBXSourcesBuildPhase section */

/* Begin PBXVariantGroup section */
		97287CAC1F5FE141004FA23F /* Main.storyboard */ = {
			isa = PBXVariantGroup;
			children = (
				97287CAD1F5FE141004FA23F /* Base */,
			);
			name = Main.storyboard;
			sourceTree = "<group>";
		};
		97287CB11F5FE141004FA23F /* LaunchScreen.storyboard */ = {
			isa = PBXVariantGroup;
			children = (
				97287CB21F5FE141004FA23F /* Base */,
			);
			name = LaunchScreen.storyboard;
			sourceTree = "<group>";
		};
/* End PBXVariantGroup section */

/* Begin XCBuildConfiguration section */
		97287CB51F5FE141004FA23F /* Debug */ = {
			isa = XCBuildConfiguration;
			buildSettings = {
				ALWAYS_SEARCH_USER_PATHS = NO;
				CLANG_ANALYZER_NONNULL = YES;
				CLANG_ANALYZER_NUMBER_OBJECT_CONVERSION = YES_AGGRESSIVE;
				CLANG_CXX_LANGUAGE_STANDARD = "gnu++0x";
				CLANG_CXX_LIBRARY = "libc++";
				CLANG_ENABLE_MODULES = YES;
				CLANG_ENABLE_OBJC_ARC = YES;
				CLANG_WARN_BOOL_CONVERSION = YES;
				CLANG_WARN_CONSTANT_CONVERSION = YES;
				CLANG_WARN_DIRECT_OBJC_ISA_USAGE = YES_ERROR;
				CLANG_WARN_DOCUMENTATION_COMMENTS = YES;
				CLANG_WARN_EMPTY_BODY = YES;
				CLANG_WARN_ENUM_CONVERSION = YES;
				CLANG_WARN_INFINITE_RECURSION = YES;
				CLANG_WARN_INT_CONVERSION = YES;
				CLANG_WARN_OBJC_ROOT_CLASS = YES_ERROR;
				CLANG_WARN_SUSPICIOUS_MOVE = YES;
				CLANG_WARN_UNREACHABLE_CODE = YES;
				CLANG_WARN__DUPLICATE_METHOD_MATCH = YES;
				"CODE_SIGN_IDENTITY[sdk=iphoneos*]" = "iPhone Developer";
				COPY_PHASE_STRIP = NO;
				DEBUG_INFORMATION_FORMAT = dwarf;
				ENABLE_STRICT_OBJC_MSGSEND = YES;
				ENABLE_TESTABILITY = YES;
				GCC_C_LANGUAGE_STANDARD = gnu99;
				GCC_DYNAMIC_NO_PIC = NO;
				GCC_NO_COMMON_BLOCKS = YES;
				GCC_OPTIMIZATION_LEVEL = 0;
				GCC_PREPROCESSOR_DEFINITIONS = (
					"DEBUG=1",
					"$(inherited)",
				);
				GCC_WARN_64_TO_32_BIT_CONVERSION = YES;
				GCC_WARN_ABOUT_RETURN_TYPE = YES_ERROR;
				GCC_WARN_UNDECLARED_SELECTOR = YES;
				GCC_WARN_UNINITIALIZED_AUTOS = YES_AGGRESSIVE;
				GCC_WARN_UNUSED_FUNCTION = YES;
				GCC_WARN_UNUSED_VARIABLE = YES;
				IPHONEOS_DEPLOYMENT_TARGET = 10.3;
				MTL_ENABLE_DEBUG_INFO = YES;
				ONLY_ACTIVE_ARCH = YES;
				SDKROOT = iphoneos;
				SWIFT_ACTIVE_COMPILATION_CONDITIONS = DEBUG;
				SWIFT_OPTIMIZATION_LEVEL = "-Onone";
				TARGETED_DEVICE_FAMILY = "1,2";
			};
			name = Debug;
		};
		97287CB61F5FE141004FA23F /* Release */ = {
			isa = XCBuildConfiguration;
			buildSettings = {
				ALWAYS_SEARCH_USER_PATHS = NO;
				CLANG_ANALYZER_NONNULL = YES;
				CLANG_ANALYZER_NUMBER_OBJECT_CONVERSION = YES_AGGRESSIVE;
				CLANG_CXX_LANGUAGE_STANDARD = "gnu++0x";
				CLANG_CXX_LIBRARY = "libc++";
				CLANG_ENABLE_MODULES = YES;
				CLANG_ENABLE_OBJC_ARC = YES;
				CLANG_WARN_BOOL_CONVERSION = YES;
				CLANG_WARN_CONSTANT_CONVERSION = YES;
				CLANG_WARN_DIRECT_OBJC_ISA_USAGE = YES_ERROR;
				CLANG_WARN_DOCUMENTATION_COMMENTS = YES;
				CLANG_WARN_EMPTY_BODY = YES;
				CLANG_WARN_ENUM_CONVERSION = YES;
				CLANG_WARN_INFINITE_RECURSION = YES;
				CLANG_WARN_INT_CONVERSION = YES;
				CLANG_WARN_OBJC_ROOT_CLASS = YES_ERROR;
				CLANG_WARN_SUSPICIOUS_MOVE = YES;
				CLANG_WARN_UNREACHABLE_CODE = YES;
				CLANG_WARN__DUPLICATE_METHOD_MATCH = YES;
				"CODE_SIGN_IDENTITY[sdk=iphoneos*]" = "iPhone Developer";
				COPY_PHASE_STRIP = NO;
				DEBUG_INFORMATION_FORMAT = "dwarf-with-dsym";
				ENABLE_NS_ASSERTIONS = NO;
				ENABLE_STRICT_OBJC_MSGSEND = YES;
				GCC_C_LANGUAGE_STANDARD = gnu99;
				GCC_NO_COMMON_BLOCKS = YES;
				GCC_WARN_64_TO_32_BIT_CONVERSION = YES;
				GCC_WARN_ABOUT_RETURN_TYPE = YES_ERROR;
				GCC_WARN_UNDECLARED_SELECTOR = YES;
				GCC_WARN_UNINITIALIZED_AUTOS = YES_AGGRESSIVE;
				GCC_WARN_UNUSED_FUNCTION = YES;
				GCC_WARN_UNUSED_VARIABLE = YES;
				IPHONEOS_DEPLOYMENT_TARGET = 10.3;
				MTL_ENABLE_DEBUG_INFO = NO;
				SDKROOT = iphoneos;
				SWIFT_OPTIMIZATION_LEVEL = "-Owholemodule";
				TARGETED_DEVICE_FAMILY = "1,2";
				VALIDATE_PRODUCT = YES;
			};
			name = Release;
		};
		97287CB81F5FE141004FA23F /* Debug */ = {
			isa = XCBuildConfiguration;
			buildSettings = {
				ASSETCATALOG_COMPILER_APPICON_NAME = AppIcon;
				INFOPLIST_FILE = PersonFace/Info.plist;
				LD_RUNPATH_SEARCH_PATHS = "$(inherited) @executable_path/Frameworks";
				PRODUCT_BUNDLE_IDENTIFIER = com.absa.PersonFace;
				PRODUCT_NAME = "$(TARGET_NAME)";
				SWIFT_VERSION = 3.0;
			};
			name = Debug;
		};
		97287CB91F5FE141004FA23F /* Release */ = {
			isa = XCBuildConfiguration;
			buildSettings = {
				ASSETCATALOG_COMPILER_APPICON_NAME = AppIcon;
				INFOPLIST_FILE = PersonFace/Info.plist;
				LD_RUNPATH_SEARCH_PATHS = "$(inherited) @executable_path/Frameworks";
				PRODUCT_BUNDLE_IDENTIFIER = com.absa.PersonFace;
				PRODUCT_NAME = "$(TARGET_NAME)";
				SWIFT_VERSION = 3.0;
			};
			name = Release;
		};
/* End XCBuildConfiguration section */

/* Begin XCConfigurationList section */
		97287CA01F5FE141004FA23F /* Build configuration list for PBXProject "PersonFace" */ = {
			isa = XCConfigurationList;
			buildConfigurations = (
				97287CB51F5FE141004FA23F /* Debug */,
				97287CB61F5FE141004FA23F /* Release */,
			);
			defaultConfigurationIsVisible = 0;
			defaultConfigurationName = Release;
		};
		97287CB71F5FE141004FA23F /* Build configuration list for PBXNativeTarget "PersonFace" */ = {
			isa = XCConfigurationList;
			buildConfigurations = (
				97287CB81F5FE141004FA23F /* Debug */,
				97287CB91F5FE141004FA23F /* Release */,
			);
			defaultConfigurationIsVisible = 0;
			defaultConfigurationName = Release;
		};
/* End XCConfigurationList section */
	};
	rootObject = 97287C9D1F5FE141004FA23F /* Project object */;
}
